
Microsoft Visual Studio Solution File, Format Version 12.00
# Visual Studio Version 16
VisualStudioVersion = 16.0.29709.97
MinimumVisualStudioVersion = 10.0.40219.1
Project("{FAE04EC0-301F-11D3-BF4B-00C04F79EFBC}") = "ReactTest", "ReactTest\ReactTest.csproj", "{134E287E-BC1B-494B-8334-021851AA9A71}"
EndProject
Global
	GlobalSection(SolutionConfigurationPlatforms) = preSolution
		Debug|Any CPU = Debug|Any CPU
		Release|Any CPU = Release|Any CPU
	EndGlobalSection
	GlobalSection(ProjectConfigurationPlatforms) = postSolution
		{134E287E-BC1B-494B-8334-021851AA9A71}.Debug|Any CPU.ActiveCfg = Debug|Any CPU
		{134E287E-BC1B-494B-8334-021851AA9A71}.Debug|Any CPU.Build.0 = Debug|Any CPU
		{134E287E-BC1B-494B-8334-021851AA9A71}.Release|Any CPU.ActiveCfg = Release|Any CPU
		{134E287E-BC1B-494B-8334-021851AA9A71}.Release|Any CPU.Build.0 = Release|Any CPU
	EndGlobalSection
	GlobalSection(SolutionProperties) = preSolution
		HideSolutionNode = FALSE
	EndGlobalSection
	GlobalSection(ExtensibilityGlobals) = postSolution
		SolutionGuid = {651EFD42-C905-4FF7-B3FF-70296FB9F49C}
	EndGlobalSection
EndGlobal
